
Microsoft Visual Studio Solution File, Format Version 12.00
Project("{2150E333-8FDC-42A3-9474-1A3956D46DE8}") = "src", "src", "{76308FB4-E20B-4FDD-85EC-AA8412E2E673}"
EndProject
Project("{2150E333-8FDC-42A3-9474-1A3956D46DE8}") = "test", "test", "{EA9C64F3-BA8F-4493-820A-B003563A27A7}"
EndProject
Project("{FAE04EC0-301F-11D3-BF4B-00C04F79EFBC}") = "Waystone.Common.Api", "src\Waystone.Common.Api\Waystone.Common.Api.csproj", "{46159BCC-F322-4A36-B8D8-1A39B50C51E4}"
EndProject
Project("{FAE04EC0-301F-11D3-BF4B-00C04F79EFBC}") = "Waystone.Common.Application", "src\Waystone.Common.Application\Waystone.Common.Application.csproj", "{7DE28B89-78F4-49AF-8AF3-10B07681A3D2}"
EndProject
Project("{FAE04EC0-301F-11D3-BF4B-00C04F79EFBC}") = "Waystone.Common.Domain", "src\Waystone.Common.Domain\Waystone.Common.Domain.csproj", "{9F2789F0-5FF0-4E12-831C-F3F185F79DE5}"
EndProject
Project("{FAE04EC0-301F-11D3-BF4B-00C04F79EFBC}") = "Waystone.Common.Infrastructure", "src\Waystone.Common.Infrastructure\Waystone.Common.Infrastructure.csproj", "{17CE93B4-E08E-4BD9-8433-2047EB27853D}"
EndProject
Project("{FAE04EC0-301F-11D3-BF4B-00C04F79EFBC}") = "Waystone.Common.Application.Contracts", "src\Waystone.Common.Application.Contracts\Waystone.Common.Application.Contracts.csproj", "{6B7F2C19-286F-45B2-8660-22103CB307D7}"
EndProject
Project("{FAE04EC0-301F-11D3-BF4B-00C04F79EFBC}") = "Waystone.Common.Domain.Contracts", "src\Waystone.Common.Domain.Contracts\Waystone.Common.Domain.Contracts.csproj", "{682819A0-D8A6-47BE-ABEE-9E9BAAB24435}"
EndProject
Project("{FAE04EC0-301F-11D3-BF4B-00C04F79EFBC}") = "Waystone.Common.Infrastructure.Contracts", "src\Waystone.Common.Infrastructure.Contracts\Waystone.Common.Infrastructure.Contracts.csproj", "{2E06AD30-93D2-4FEB-B6FD-5A0C07D58C58}"
EndProject
Project("{2150E333-8FDC-42A3-9474-1A3956D46DE8}") = "sample", "sample", "{87DACD3F-6B1B-4CB0-8FBB-238E633E9ACD}"
EndProject
Project("{FAE04EC0-301F-11D3-BF4B-00C04F79EFBC}") = "Waystone.Sample.Api", "sample\Waystone.Sample.Api\Waystone.Sample.Api.csproj", "{8397DD9C-FF47-4239-A506-5F0A6672F884}"
EndProject
Project("{FAE04EC0-301F-11D3-BF4B-00C04F79EFBC}") = "Waystone.Sample.Application", "sample\Waystone.Sample.Application\Waystone.Sample.Application.csproj", "{E72CBB63-EFB3-44A3-95E0-633C1CAAABDD}"
EndProject
Project("{FAE04EC0-301F-11D3-BF4B-00C04F79EFBC}") = "Waystone.Sample.Domain", "sample\Waystone.Sample.Domain\Waystone.Sample.Domain.csproj", "{3A52F36C-6914-46B1-B5CD-AFC89E32A517}"
EndProject
Project("{FAE04EC0-301F-11D3-BF4B-00C04F79EFBC}") = "Waystone.Sample.Infrastructure", "sample\Waystone.Sample.Infrastructure\Waystone.Sample.Infrastructure.csproj", "{C6C5D4F4-35A8-45EB-8C53-230ED94CB81E}"
EndProject
Global
	GlobalSection(SolutionConfigurationPlatforms) = preSolution
		Debug|Any CPU = Debug|Any CPU
		Release|Any CPU = Release|Any CPU
	EndGlobalSection
	GlobalSection(NestedProjects) = preSolution
		{46159BCC-F322-4A36-B8D8-1A39B50C51E4} = {76308FB4-E20B-4FDD-85EC-AA8412E2E673}
		{7DE28B89-78F4-49AF-8AF3-10B07681A3D2} = {76308FB4-E20B-4FDD-85EC-AA8412E2E673}
		{9F2789F0-5FF0-4E12-831C-F3F185F79DE5} = {76308FB4-E20B-4FDD-85EC-AA8412E2E673}
		{17CE93B4-E08E-4BD9-8433-2047EB27853D} = {76308FB4-E20B-4FDD-85EC-AA8412E2E673}
		{6B7F2C19-286F-45B2-8660-22103CB307D7} = {76308FB4-E20B-4FDD-85EC-AA8412E2E673}
		{682819A0-D8A6-47BE-ABEE-9E9BAAB24435} = {76308FB4-E20B-4FDD-85EC-AA8412E2E673}
		{2E06AD30-93D2-4FEB-B6FD-5A0C07D58C58} = {76308FB4-E20B-4FDD-85EC-AA8412E2E673}
		{8397DD9C-FF47-4239-A506-5F0A6672F884} = {87DACD3F-6B1B-4CB0-8FBB-238E633E9ACD}
		{E72CBB63-EFB3-44A3-95E0-633C1CAAABDD} = {87DACD3F-6B1B-4CB0-8FBB-238E633E9ACD}
		{3A52F36C-6914-46B1-B5CD-AFC89E32A517} = {87DACD3F-6B1B-4CB0-8FBB-238E633E9ACD}
		{C6C5D4F4-35A8-45EB-8C53-230ED94CB81E} = {87DACD3F-6B1B-4CB0-8FBB-238E633E9ACD}
	EndGlobalSection
	GlobalSection(ProjectConfigurationPlatforms) = postSolution
		{46159BCC-F322-4A36-B8D8-1A39B50C51E4}.Debug|Any CPU.ActiveCfg = Debug|Any CPU
		{46159BCC-F322-4A36-B8D8-1A39B50C51E4}.Debug|Any CPU.Build.0 = Debug|Any CPU
		{46159BCC-F322-4A36-B8D8-1A39B50C51E4}.Release|Any CPU.ActiveCfg = Release|Any CPU
		{46159BCC-F322-4A36-B8D8-1A39B50C51E4}.Release|Any CPU.Build.0 = Release|Any CPU
		{7DE28B89-78F4-49AF-8AF3-10B07681A3D2}.Debug|Any CPU.ActiveCfg = Debug|Any CPU
		{7DE28B89-78F4-49AF-8AF3-10B07681A3D2}.Debug|Any CPU.Build.0 = Debug|Any CPU
		{7DE28B89-78F4-49AF-8AF3-10B07681A3D2}.Release|Any CPU.ActiveCfg = Release|Any CPU
		{7DE28B89-78F4-49AF-8AF3-10B07681A3D2}.Release|Any CPU.Build.0 = Release|Any CPU
		{9F2789F0-5FF0-4E12-831C-F3F185F79DE5}.Debug|Any CPU.ActiveCfg = Debug|Any CPU
		{9F2789F0-5FF0-4E12-831C-F3F185F79DE5}.Debug|Any CPU.Build.0 = Debug|Any CPU
		{9F2789F0-5FF0-4E12-831C-F3F185F79DE5}.Release|Any CPU.ActiveCfg = Release|Any CPU
		{9F2789F0-5FF0-4E12-831C-F3F185F79DE5}.Release|Any CPU.Build.0 = Release|Any CPU
		{17CE93B4-E08E-4BD9-8433-2047EB27853D}.Debug|Any CPU.ActiveCfg = Debug|Any CPU
		{17CE93B4-E08E-4BD9-8433-2047EB27853D}.Debug|Any CPU.Build.0 = Debug|Any CPU
		{17CE93B4-E08E-4BD9-8433-2047EB27853D}.Release|Any CPU.ActiveCfg = Release|Any CPU
		{17CE93B4-E08E-4BD9-8433-2047EB27853D}.Release|Any CPU.Build.0 = Release|Any CPU
		{6B7F2C19-286F-45B2-8660-22103CB307D7}.Debug|Any CPU.ActiveCfg = Debug|Any CPU
		{6B7F2C19-286F-45B2-8660-22103CB307D7}.Debug|Any CPU.Build.0 = Debug|Any CPU
		{6B7F2C19-286F-45B2-8660-22103CB307D7}.Release|Any CPU.ActiveCfg = Release|Any CPU
		{6B7F2C19-286F-45B2-8660-22103CB307D7}.Release|Any CPU.Build.0 = Release|Any CPU
		{682819A0-D8A6-47BE-ABEE-9E9BAAB24435}.Debug|Any CPU.ActiveCfg = Debug|Any CPU
		{682819A0-D8A6-47BE-ABEE-9E9BAAB24435}.Debug|Any CPU.Build.0 = Debug|Any CPU
		{682819A0-D8A6-47BE-ABEE-9E9BAAB24435}.Release|Any CPU.ActiveCfg = Release|Any CPU
		{682819A0-D8A6-47BE-ABEE-9E9BAAB24435}.Release|Any CPU.Build.0 = Release|Any CPU
		{2E06AD30-93D2-4FEB-B6FD-5A0C07D58C58}.Debug|Any CPU.ActiveCfg = Debug|Any CPU
		{2E06AD30-93D2-4FEB-B6FD-5A0C07D58C58}.Debug|Any CPU.Build.0 = Debug|Any CPU
		{2E06AD30-93D2-4FEB-B6FD-5A0C07D58C58}.Release|Any CPU.ActiveCfg = Release|Any CPU
		{2E06AD30-93D2-4FEB-B6FD-5A0C07D58C58}.Release|Any CPU.Build.0 = Release|Any CPU
		{8397DD9C-FF47-4239-A506-5F0A6672F884}.Debug|Any CPU.ActiveCfg = Debug|Any CPU
		{8397DD9C-FF47-4239-A506-5F0A6672F884}.Debug|Any CPU.Build.0 = Debug|Any CPU
		{8397DD9C-FF47-4239-A506-5F0A6672F884}.Release|Any CPU.ActiveCfg = Release|Any CPU
		{8397DD9C-FF47-4239-A506-5F0A6672F884}.Release|Any CPU.Build.0 = Release|Any CPU
		{E72CBB63-EFB3-44A3-95E0-633C1CAAABDD}.Debug|Any CPU.ActiveCfg = Debug|Any CPU
		{E72CBB63-EFB3-44A3-95E0-633C1CAAABDD}.Debug|Any CPU.Build.0 = Debug|Any CPU
		{E72CBB63-EFB3-44A3-95E0-633C1CAAABDD}.Release|Any CPU.ActiveCfg = Release|Any CPU
		{E72CBB63-EFB3-44A3-95E0-633C1CAAABDD}.Release|Any CPU.Build.0 = Release|Any CPU
		{3A52F36C-6914-46B1-B5CD-AFC89E32A517}.Debug|Any CPU.ActiveCfg = Debug|Any CPU
		{3A52F36C-6914-46B1-B5CD-AFC89E32A517}.Debug|Any CPU.Build.0 = Debug|Any CPU
		{3A52F36C-6914-46B1-B5CD-AFC89E32A517}.Release|Any CPU.ActiveCfg = Release|Any CPU
		{3A52F36C-6914-46B1-B5CD-AFC89E32A517}.Release|Any CPU.Build.0 = Release|Any CPU
		{C6C5D4F4-35A8-45EB-8C53-230ED94CB81E}.Debug|Any CPU.ActiveCfg = Debug|Any CPU
		{C6C5D4F4-35A8-45EB-8C53-230ED94CB81E}.Debug|Any CPU.Build.0 = Debug|Any CPU
		{C6C5D4F4-35A8-45EB-8C53-230ED94CB81E}.Release|Any CPU.ActiveCfg = Release|Any CPU
		{C6C5D4F4-35A8-45EB-8C53-230ED94CB81E}.Release|Any CPU.Build.0 = Release|Any CPU
	EndGlobalSection
EndGlobal
